
Microsoft Visual Studio Solution File, Format Version 12.00
# Visual Studio 15
VisualStudioVersion = 15.0.27703.2035
MinimumVisualStudioVersion = 10.0.40219.1
Project("{9A19103F-16F7-4668-BE54-9A1E7A4F7556}") = "TechDevs.Accounts.WebService", "WebServices\TechDevs.Accounts.WebService\TechDevs.Accounts.WebService.csproj", "{0FCDAEFD-F172-4956-BE66-97D0E9F1BC65}"
EndProject
Project("{9A19103F-16F7-4668-BE54-9A1E7A4F7556}") = "TechDevs.Accounts", "lib\TechDevs.Accounts\TechDevs.Accounts.csproj", "{283D9A06-AAE1-44DE-A32C-D31F3AADA454}"
EndProject
Project("{2150E333-8FDC-42A3-9474-1A3956D46DE8}") = "Libs", "Libs", "{E2B37836-26E3-470A-9EDF-5D04AF9253FB}"
EndProject
Project("{FAE04EC0-301F-11D3-BF4B-00C04F79EFBC}") = "TechDevs.Mail", "lib\TechDevs.Mail\TechDevs.Mail.csproj", "{6D134414-9B41-48FD-B549-C4521AFCA797}"
EndProject
Project("{FAE04EC0-301F-11D3-BF4B-00C04F79EFBC}") = "TechDevs.Clients", "lib\TechDevs.Clients\TechDevs.Clients.csproj", "{57E3B65A-98D3-48AD-B0BE-743DEA744EE5}"
EndProject
Project("{FAE04EC0-301F-11D3-BF4B-00C04F79EFBC}") = "TechDevs.MyVehicles", "lib\TechDevs.MyVehicles\TechDevs.MyVehicles.csproj", "{BD12F8DA-0B14-4ABA-AF72-892C6ABB63F9}"
EndProject
Project("{FAE04EC0-301F-11D3-BF4B-00C04F79EFBC}") = "TechDevs.NotificationPreferences", "lib\TechDevs.NotificationPreferences\TechDevs.NotificationPreferences.csproj", "{BBF58E95-E8DB-490A-82D5-53D8FA3B33C0}"
EndProject
Project("{FAE04EC0-301F-11D3-BF4B-00C04F79EFBC}") = "TechDevs.Shared", "lib\TechDevs.Shared\TechDevs.Shared.csproj", "{D578A207-E3B4-4029-83F0-A8A05047C097}"
EndProject
Project("{FAE04EC0-301F-11D3-BF4B-00C04F79EFBC}") = "TechDevs.MarketingPreferences", "lib\TechDevs.MarketingPreferences\TechDevs.MarketingPreferences.csproj", "{DC158477-C386-4F8A-9C33-7A6A43C7C5D0}"
EndProject
Project("{FAE04EC0-301F-11D3-BF4B-00C04F79EFBC}") = "TechDevs.Clients.Offers", "lib\TechDevs.Clients.Offers\TechDevs.Clients.Offers.csproj", "{463B9A47-CE99-4ED1-B61A-2B7F8D2BB0FD}"
EndProject
Project("{FAE04EC0-301F-11D3-BF4B-00C04F79EFBC}") = "TechDevs.Products", "lib\TechDevs.Products\TechDevs.Products.csproj", "{EF883C30-B31E-4A34-A3B2-4DDD7E2CCA14}"
EndProject
Project("{2150E333-8FDC-42A3-9474-1A3956D46DE8}") = "Billing", "Billing", "{EF155E3F-3474-447B-8513-7FF9ADE935CE}"
EndProject
Project("{FAE04EC0-301F-11D3-BF4B-00C04F79EFBC}") = "TechDevs.Billing.Stripe", "lib\TechDevs.Billing.Stripe\TechDevs.Billing.Stripe.csproj", "{11257D46-3F9A-4338-9D24-A1F0973F9F4F}"
EndProject
Global
	GlobalSection(SolutionConfigurationPlatforms) = preSolution
		Debug|Any CPU = Debug|Any CPU
		Release|Any CPU = Release|Any CPU
	EndGlobalSection
	GlobalSection(ProjectConfigurationPlatforms) = postSolution
		{0FCDAEFD-F172-4956-BE66-97D0E9F1BC65}.Debug|Any CPU.ActiveCfg = Debug|Any CPU
		{0FCDAEFD-F172-4956-BE66-97D0E9F1BC65}.Debug|Any CPU.Build.0 = Debug|Any CPU
		{0FCDAEFD-F172-4956-BE66-97D0E9F1BC65}.Release|Any CPU.ActiveCfg = Release|Any CPU
		{0FCDAEFD-F172-4956-BE66-97D0E9F1BC65}.Release|Any CPU.Build.0 = Release|Any CPU
		{283D9A06-AAE1-44DE-A32C-D31F3AADA454}.Debug|Any CPU.ActiveCfg = Debug|Any CPU
		{283D9A06-AAE1-44DE-A32C-D31F3AADA454}.Debug|Any CPU.Build.0 = Debug|Any CPU
		{283D9A06-AAE1-44DE-A32C-D31F3AADA454}.Release|Any CPU.ActiveCfg = Release|Any CPU
		{283D9A06-AAE1-44DE-A32C-D31F3AADA454}.Release|Any CPU.Build.0 = Release|Any CPU
		{6D134414-9B41-48FD-B549-C4521AFCA797}.Debug|Any CPU.ActiveCfg = Debug|Any CPU
		{6D134414-9B41-48FD-B549-C4521AFCA797}.Debug|Any CPU.Build.0 = Debug|Any CPU
		{6D134414-9B41-48FD-B549-C4521AFCA797}.Release|Any CPU.ActiveCfg = Release|Any CPU
		{6D134414-9B41-48FD-B549-C4521AFCA797}.Release|Any CPU.Build.0 = Release|Any CPU
		{57E3B65A-98D3-48AD-B0BE-743DEA744EE5}.Debug|Any CPU.ActiveCfg = Debug|Any CPU
		{57E3B65A-98D3-48AD-B0BE-743DEA744EE5}.Debug|Any CPU.Build.0 = Debug|Any CPU
		{57E3B65A-98D3-48AD-B0BE-743DEA744EE5}.Release|Any CPU.ActiveCfg = Release|Any CPU
		{57E3B65A-98D3-48AD-B0BE-743DEA744EE5}.Release|Any CPU.Build.0 = Release|Any CPU
		{BD12F8DA-0B14-4ABA-AF72-892C6ABB63F9}.Debug|Any CPU.ActiveCfg = Debug|Any CPU
		{BD12F8DA-0B14-4ABA-AF72-892C6ABB63F9}.Debug|Any CPU.Build.0 = Debug|Any CPU
		{BD12F8DA-0B14-4ABA-AF72-892C6ABB63F9}.Release|Any CPU.ActiveCfg = Release|Any CPU
		{BD12F8DA-0B14-4ABA-AF72-892C6ABB63F9}.Release|Any CPU.Build.0 = Release|Any CPU
		{BBF58E95-E8DB-490A-82D5-53D8FA3B33C0}.Debug|Any CPU.ActiveCfg = Debug|Any CPU
		{BBF58E95-E8DB-490A-82D5-53D8FA3B33C0}.Debug|Any CPU.Build.0 = Debug|Any CPU
		{BBF58E95-E8DB-490A-82D5-53D8FA3B33C0}.Release|Any CPU.ActiveCfg = Release|Any CPU
		{BBF58E95-E8DB-490A-82D5-53D8FA3B33C0}.Release|Any CPU.Build.0 = Release|Any CPU
		{D578A207-E3B4-4029-83F0-A8A05047C097}.Debug|Any CPU.ActiveCfg = Debug|Any CPU
		{D578A207-E3B4-4029-83F0-A8A05047C097}.Debug|Any CPU.Build.0 = Debug|Any CPU
		{D578A207-E3B4-4029-83F0-A8A05047C097}.Release|Any CPU.ActiveCfg = Release|Any CPU
		{D578A207-E3B4-4029-83F0-A8A05047C097}.Release|Any CPU.Build.0 = Release|Any CPU
		{DC158477-C386-4F8A-9C33-7A6A43C7C5D0}.Debug|Any CPU.ActiveCfg = Debug|Any CPU
		{DC158477-C386-4F8A-9C33-7A6A43C7C5D0}.Debug|Any CPU.Build.0 = Debug|Any CPU
		{DC158477-C386-4F8A-9C33-7A6A43C7C5D0}.Release|Any CPU.ActiveCfg = Release|Any CPU
		{DC158477-C386-4F8A-9C33-7A6A43C7C5D0}.Release|Any CPU.Build.0 = Release|Any CPU
		{463B9A47-CE99-4ED1-B61A-2B7F8D2BB0FD}.Debug|Any CPU.ActiveCfg = Debug|Any CPU
		{463B9A47-CE99-4ED1-B61A-2B7F8D2BB0FD}.Debug|Any CPU.Build.0 = Debug|Any CPU
		{463B9A47-CE99-4ED1-B61A-2B7F8D2BB0FD}.Release|Any CPU.ActiveCfg = Release|Any CPU
		{463B9A47-CE99-4ED1-B61A-2B7F8D2BB0FD}.Release|Any CPU.Build.0 = Release|Any CPU
		{EF883C30-B31E-4A34-A3B2-4DDD7E2CCA14}.Debug|Any CPU.ActiveCfg = Debug|Any CPU
		{EF883C30-B31E-4A34-A3B2-4DDD7E2CCA14}.Debug|Any CPU.Build.0 = Debug|Any CPU
		{EF883C30-B31E-4A34-A3B2-4DDD7E2CCA14}.Release|Any CPU.ActiveCfg = Release|Any CPU
		{EF883C30-B31E-4A34-A3B2-4DDD7E2CCA14}.Release|Any CPU.Build.0 = Release|Any CPU
		{11257D46-3F9A-4338-9D24-A1F0973F9F4F}.Debug|Any CPU.ActiveCfg = Debug|Any CPU
		{11257D46-3F9A-4338-9D24-A1F0973F9F4F}.Debug|Any CPU.Build.0 = Debug|Any CPU
		{11257D46-3F9A-4338-9D24-A1F0973F9F4F}.Release|Any CPU.ActiveCfg = Release|Any CPU
		{11257D46-3F9A-4338-9D24-A1F0973F9F4F}.Release|Any CPU.Build.0 = Release|Any CPU
	EndGlobalSection
	GlobalSection(SolutionProperties) = preSolution
		HideSolutionNode = FALSE
	EndGlobalSection
	GlobalSection(NestedProjects) = preSolution
		{283D9A06-AAE1-44DE-A32C-D31F3AADA454} = {E2B37836-26E3-470A-9EDF-5D04AF9253FB}
		{6D134414-9B41-48FD-B549-C4521AFCA797} = {E2B37836-26E3-470A-9EDF-5D04AF9253FB}
		{57E3B65A-98D3-48AD-B0BE-743DEA744EE5} = {E2B37836-26E3-470A-9EDF-5D04AF9253FB}
		{BD12F8DA-0B14-4ABA-AF72-892C6ABB63F9} = {E2B37836-26E3-470A-9EDF-5D04AF9253FB}
		{BBF58E95-E8DB-490A-82D5-53D8FA3B33C0} = {E2B37836-26E3-470A-9EDF-5D04AF9253FB}
		{D578A207-E3B4-4029-83F0-A8A05047C097} = {E2B37836-26E3-470A-9EDF-5D04AF9253FB}
		{DC158477-C386-4F8A-9C33-7A6A43C7C5D0} = {E2B37836-26E3-470A-9EDF-5D04AF9253FB}
		{463B9A47-CE99-4ED1-B61A-2B7F8D2BB0FD} = {E2B37836-26E3-470A-9EDF-5D04AF9253FB}
		{EF883C30-B31E-4A34-A3B2-4DDD7E2CCA14} = {E2B37836-26E3-470A-9EDF-5D04AF9253FB}
		{EF155E3F-3474-447B-8513-7FF9ADE935CE} = {E2B37836-26E3-470A-9EDF-5D04AF9253FB}
		{11257D46-3F9A-4338-9D24-A1F0973F9F4F} = {EF155E3F-3474-447B-8513-7FF9ADE935CE}
	EndGlobalSection
	GlobalSection(ExtensibilityGlobals) = postSolution
		SolutionGuid = {B6649377-4FA8-4BC3-8D58-B6863080EDE7}
	EndGlobalSection
EndGlobal
