
Microsoft Visual Studio Solution File, Format Version 12.00
# Visual Studio 2017
Project("{FAE04EC0-301F-11D3-BF4B-00C04F79EFBC}") = "TechDevs.Core.UserManagement.API", "TechDevs.Core.UserManagement.API.csproj", "{64813F41-61E5-4545-B77D-E3CF40CBE4A2}"
EndProject
Global
	GlobalSection(SolutionConfigurationPlatforms) = preSolution
		Debug|Any CPU = Debug|Any CPU
		Release|Any CPU = Release|Any CPU
	EndGlobalSection
	GlobalSection(ProjectConfigurationPlatforms) = postSolution
		{64813F41-61E5-4545-B77D-E3CF40CBE4A2}.Debug|Any CPU.ActiveCfg = Debug|Any CPU
		{64813F41-61E5-4545-B77D-E3CF40CBE4A2}.Debug|Any CPU.Build.0 = Debug|Any CPU
		{64813F41-61E5-4545-B77D-E3CF40CBE4A2}.Release|Any CPU.ActiveCfg = Release|Any CPU
		{64813F41-61E5-4545-B77D-E3CF40CBE4A2}.Release|Any CPU.Build.0 = Release|Any CPU
	EndGlobalSection
EndGlobal
